
Microsoft Visual Studio Solution File, Format Version 12.00
# Visual Studio 15
VisualStudioVersion = 15.0.26430.16
MinimumVisualStudioVersion = 10.0.40219.1
Project("{FAE04EC0-301F-11D3-BF4B-00C04F79EFBC}") = "Apartment", "Apartment\Apartment.csproj", "{CC03C552-3377-4ED4-8497-5966EA85FABE}"
EndProject
Global
	GlobalSection(SolutionConfigurationPlatforms) = preSolution
		Debug|Any CPU = Debug|Any CPU
		Release|Any CPU = Release|Any CPU
	EndGlobalSection
	GlobalSection(ProjectConfigurationPlatforms) = postSolution
		{CC03C552-3377-4ED4-8497-5966EA85FABE}.Debug|Any CPU.ActiveCfg = Debug|Any CPU
		{CC03C552-3377-4ED4-8497-5966EA85FABE}.Debug|Any CPU.Build.0 = Debug|Any CPU
		{CC03C552-3377-4ED4-8497-5966EA85FABE}.Release|Any CPU.ActiveCfg = Release|Any CPU
		{CC03C552-3377-4ED4-8497-5966EA85FABE}.Release|Any CPU.Build.0 = Release|Any CPU
	EndGlobalSection
	GlobalSection(SolutionProperties) = preSolution
		HideSolutionNode = FALSE
	EndGlobalSection
EndGlobal
